
Microsoft Visual Studio Solution File, Format Version 12.00
# Visual Studio Version 17
VisualStudioVersion = 17.0.31912.275
MinimumVisualStudioVersion = 10.0.40219.1
Project("{FAE04EC0-301F-11D3-BF4B-00C04F79EFBC}") = "NET5APIREST", "NET5APIREST\NET5APIREST.csproj", "{461175E8-AB7E-4BA6-82B2-CDD72948D23B}"
EndProject
Global
	GlobalSection(SolutionConfigurationPlatforms) = preSolution
		Debug|Any CPU = Debug|Any CPU
		Release|Any CPU = Release|Any CPU
	EndGlobalSection
	GlobalSection(ProjectConfigurationPlatforms) = postSolution
		{461175E8-AB7E-4BA6-82B2-CDD72948D23B}.Debug|Any CPU.ActiveCfg = Debug|Any CPU
		{461175E8-AB7E-4BA6-82B2-CDD72948D23B}.Debug|Any CPU.Build.0 = Debug|Any CPU
		{461175E8-AB7E-4BA6-82B2-CDD72948D23B}.Release|Any CPU.ActiveCfg = Release|Any CPU
		{461175E8-AB7E-4BA6-82B2-CDD72948D23B}.Release|Any CPU.Build.0 = Release|Any CPU
	EndGlobalSection
	GlobalSection(SolutionProperties) = preSolution
		HideSolutionNode = FALSE
	EndGlobalSection
	GlobalSection(ExtensibilityGlobals) = postSolution
		SolutionGuid = {1F363F41-E5B9-4A66-8AC0-9639A58C0962}
	EndGlobalSection
EndGlobal
